
Microsoft Visual Studio Solution File, Format Version 12.00
# Visual Studio Version 17
VisualStudioVersion = 17.13.35806.99 d17.13
MinimumVisualStudioVersion = 10.0.40219.1
Project("{FAE04EC0-301F-11D3-BF4B-00C04F79EFBC}") = "Calculator", "Calculator\Calculator.csproj", "{736584F0-1C4B-4D77-A46D-E9D3376FB7D1}"
EndProject
Project("{FAE04EC0-301F-11D3-BF4B-00C04F79EFBC}") = "TaskManager", "TaskManager\TaskManager.csproj", "{8A2F98C9-BFC9-4A60-82AA-F445EB96170F}"
EndProject
Project("{FAE04EC0-301F-11D3-BF4B-00C04F79EFBC}") = "TaskApi", "TaskApi\TaskApi.csproj", "{D6B81351-0BD7-46E1-B3BA-C88BED92DEB7}"
EndProject
Project("{2150E333-8FDC-42A3-9474-1A3956D46DE8}") = "Solution Items", "Solution Items", "{8EC462FD-D22E-90A8-E5CE-7E832BA40C5D}"
	ProjectSection(SolutionItems) = preProject
		.gitignore = .gitignore
		README.md = README.md
	EndProjectSection
EndProject
Global
	GlobalSection(SolutionConfigurationPlatforms) = preSolution
		Debug|Any CPU = Debug|Any CPU
		Release|Any CPU = Release|Any CPU
	EndGlobalSection
	GlobalSection(ProjectConfigurationPlatforms) = postSolution
		{736584F0-1C4B-4D77-A46D-E9D3376FB7D1}.Debug|Any CPU.ActiveCfg = Debug|Any CPU
		{736584F0-1C4B-4D77-A46D-E9D3376FB7D1}.Debug|Any CPU.Build.0 = Debug|Any CPU
		{736584F0-1C4B-4D77-A46D-E9D3376FB7D1}.Release|Any CPU.ActiveCfg = Release|Any CPU
		{736584F0-1C4B-4D77-A46D-E9D3376FB7D1}.Release|Any CPU.Build.0 = Release|Any CPU
		{8A2F98C9-BFC9-4A60-82AA-F445EB96170F}.Debug|Any CPU.ActiveCfg = Debug|Any CPU
		{8A2F98C9-BFC9-4A60-82AA-F445EB96170F}.Debug|Any CPU.Build.0 = Debug|Any CPU
		{8A2F98C9-BFC9-4A60-82AA-F445EB96170F}.Release|Any CPU.ActiveCfg = Release|Any CPU
		{8A2F98C9-BFC9-4A60-82AA-F445EB96170F}.Release|Any CPU.Build.0 = Release|Any CPU
		{D6B81351-0BD7-46E1-B3BA-C88BED92DEB7}.Debug|Any CPU.ActiveCfg = Debug|Any CPU
		{D6B81351-0BD7-46E1-B3BA-C88BED92DEB7}.Debug|Any CPU.Build.0 = Debug|Any CPU
		{D6B81351-0BD7-46E1-B3BA-C88BED92DEB7}.Release|Any CPU.ActiveCfg = Release|Any CPU
		{D6B81351-0BD7-46E1-B3BA-C88BED92DEB7}.Release|Any CPU.Build.0 = Release|Any CPU
	EndGlobalSection
	GlobalSection(SolutionProperties) = preSolution
		HideSolutionNode = FALSE
	EndGlobalSection
	GlobalSection(ExtensibilityGlobals) = postSolution
		SolutionGuid = {E3BEA9DB-FFCE-4023-83DD-5B79D0128147}
	EndGlobalSection
EndGlobal
